// !$*UTF8*$!
{
	archiveVersion = 1;
	classes = {
	};
	objectVersion = 48;
	objects = {

/* Begin PBXBuildFile section */
		F5BA20BC1FC0966200193204 /* AppDelegate.swift in Sources */ = {isa = PBXBuildFile; fileRef = F5BA20BB1FC0966200193204 /* AppDelegate.swift */; };
		F5BA20BE1FC0966200193204 /* ViewController.swift in Sources */ = {isa = PBXBuildFile; fileRef = F5BA20BD1FC0966200193204 /* ViewController.swift */; };
		F5BA20C11FC0966200193204 /* Main.storyboard in Resources */ = {isa = PBXBuildFile; fileRef = F5BA20BF1FC0966200193204 /* Main.storyboard */; };
		F5BA20C31FC0966200193204 /* Assets.xcassets in Resources */ = {isa = PBXBuildFile; fileRef = F5BA20C21FC0966200193204 /* Assets.xcassets */; };
		F5BA20C61FC0966200193204 /* LaunchScreen.storyboard in Resources */ = {isa = PBXBuildFile; fileRef = F5BA20C41FC0966200193204 /* LaunchScreen.storyboard */; };
		F5BA20D11FC0966200193204 /* unlockMeTests.swift in Sources */ = {isa = PBXBuildFile; fileRef = F5BA20D01FC0966200193204 /* unlockMeTests.swift */; };
		F5BA20E01FC096D700193204 /* Game.swift in Sources */ = {isa = PBXBuildFile; fileRef = F5BA20DF1FC096D700193204 /* Game.swift */; };
		F5BA20E21FC096FD00193204 /* Combinaison.swift in Sources */ = {isa = PBXBuildFile; fileRef = F5BA20E11FC096FD00193204 /* Combinaison.swift */; };
		F5BA20E61FC0972300193204 /* HighscorePersister.swift in Sources */ = {isa = PBXBuildFile; fileRef = F5BA20E51FC0972300193204 /* HighscorePersister.swift */; };
		F5BA20E81FC0973300193204 /* SoundPlayer.swift in Sources */ = {isa = PBXBuildFile; fileRef = F5BA20E71FC0973300193204 /* SoundPlayer.swift */; };
		F5BA20EB1FC0BB5700193204 /* valid.mp3 in Resources */ = {isa = PBXBuildFile; fileRef = F5BA20EA1FC0BB4000193204 /* valid.mp3 */; };
		F5BA20ED1FC0BC4E00193204 /* HomeViewController.swift in Sources */ = {isa = PBXBuildFile; fileRef = F5BA20EC1FC0BC4E00193204 /* HomeViewController.swift */; };
		F5BA20F01FC0D31600193204 /* TimeChallengeGame.swift in Sources */ = {isa = PBXBuildFile; fileRef = F5BA20EF1FC0D31600193204 /* TimeChallengeGame.swift */; };
		F5BA20F21FC0E1C400193204 /* Modes.swift in Sources */ = {isa = PBXBuildFile; fileRef = F5BA20F11FC0E1C400193204 /* Modes.swift */; };
/* End PBXBuildFile section */

/* Begin PBXContainerItemProxy section */
		F5BA20CD1FC0966200193204 /* PBXContainerItemProxy */ = {
			isa = PBXContainerItemProxy;
			containerPortal = F5BA20B01FC0966200193204 /* Project object */;
			proxyType = 1;
			remoteGlobalIDString = F5BA20B71FC0966200193204;
			remoteInfo = unlockMe;
		};
/* End PBXContainerItemProxy section */

/* Begin PBXFileReference section */
		F5BA20B81FC0966200193204 /* unlockMe.app */ = {isa = PBXFileReference; explicitFileType = wrapper.application; includeInIndex = 0; path = unlockMe.app; sourceTree = BUILT_PRODUCTS_DIR; };
		F5BA20BB1FC0966200193204 /* AppDelegate.swift */ = {isa = PBXFileReference; lastKnownFileType = sourcecode.swift; path = AppDelegate.swift; sourceTree = "<group>"; };
		F5BA20BD1FC0966200193204 /* ViewController.swift */ = {isa = PBXFileReference; lastKnownFileType = sourcecode.swift; path = ViewController.swift; sourceTree = "<group>"; };
		F5BA20C01FC0966200193204 /* Base */ = {isa = PBXFileReference; lastKnownFileType = file.storyboard; name = Base; path = Base.lproj/Main.storyboard; sourceTree = "<group>"; };
		F5BA20C21FC0966200193204 /* Assets.xcassets */ = {isa = PBXFileReference; lastKnownFileType = folder.assetcatalog; path = Assets.xcassets; sourceTree = "<group>"; };
		F5BA20C51FC0966200193204 /* Base */ = {isa = PBXFileReference; lastKnownFileType = file.storyboard; name = Base; path = Base.lproj/LaunchScreen.storyboard; sourceTree = "<group>"; };
		F5BA20C71FC0966200193204 /* Info.plist */ = {isa = PBXFileReference; lastKnownFileType = text.plist.xml; path = Info.plist; sourceTree = "<group>"; };
		F5BA20CC1FC0966200193204 /* unlockMeTests.xctest */ = {isa = PBXFileReference; explicitFileType = wrapper.cfbundle; includeInIndex = 0; path = unlockMeTests.xctest; sourceTree = BUILT_PRODUCTS_DIR; };
		F5BA20D01FC0966200193204 /* unlockMeTests.swift */ = {isa = PBXFileReference; lastKnownFileType = sourcecode.swift; path = unlockMeTests.swift; sourceTree = "<group>"; };
		F5BA20D21FC0966200193204 /* Info.plist */ = {isa = PBXFileReference; lastKnownFileType = text.plist.xml; path = Info.plist; sourceTree = "<group>"; };
		F5BA20DF1FC096D700193204 /* Game.swift */ = {isa = PBXFileReference; lastKnownFileType = sourcecode.swift; path = Game.swift; sourceTree = "<group>"; };
		F5BA20E11FC096FD00193204 /* Combinaison.swift */ = {isa = PBXFileReference; lastKnownFileType = sourcecode.swift; path = Combinaison.swift; sourceTree = "<group>"; };
		F5BA20E51FC0972300193204 /* HighscorePersister.swift */ = {isa = PBXFileReference; lastKnownFileType = sourcecode.swift; path = HighscorePersister.swift; sourceTree = "<group>"; };
		F5BA20E71FC0973300193204 /* SoundPlayer.swift */ = {isa = PBXFileReference; lastKnownFileType = sourcecode.swift; path = SoundPlayer.swift; sourceTree = "<group>"; };
		F5BA20EA1FC0BB4000193204 /* valid.mp3 */ = {isa = PBXFileReference; lastKnownFileType = audio.mp3; path = valid.mp3; sourceTree = "<group>"; };
		F5BA20EC1FC0BC4E00193204 /* HomeViewController.swift */ = {isa = PBXFileReference; lastKnownFileType = sourcecode.swift; path = HomeViewController.swift; sourceTree = "<group>"; };
		F5BA20EF1FC0D31600193204 /* TimeChallengeGame.swift */ = {isa = PBXFileReference; lastKnownFileType = sourcecode.swift; path = TimeChallengeGame.swift; sourceTree = "<group>"; };
		F5BA20F11FC0E1C400193204 /* Modes.swift */ = {isa = PBXFileReference; lastKnownFileType = sourcecode.swift; path = Modes.swift; sourceTree = "<group>"; };
/* End PBXFileReference section */

/* Begin PBXFrameworksBuildPhase section */
		F5BA20B51FC0966200193204 /* Frameworks */ = {
			isa = PBXFrameworksBuildPhase;
			buildActionMask = 2147483647;
			files = (
			);
			runOnlyForDeploymentPostprocessing = 0;
		};
		F5BA20C91FC0966200193204 /* Frameworks */ = {
			isa = PBXFrameworksBuildPhase;
			buildActionMask = 2147483647;
			files = (
			);
			runOnlyForDeploymentPostprocessing = 0;
		};
/* End PBXFrameworksBuildPhase section */

/* Begin PBXGroup section */
		F5BA20AF1FC0966200193204 = {
			isa = PBXGroup;
			children = (
				F5BA20BA1FC0966200193204 /* unlockMe */,
				F5BA20CF1FC0966200193204 /* unlockMeTests */,
				F5BA20B91FC0966200193204 /* Products */,
			);
			sourceTree = "<group>";
		};
		F5BA20B91FC0966200193204 /* Products */ = {
			isa = PBXGroup;
			children = (
				F5BA20B81FC0966200193204 /* unlockMe.app */,
				F5BA20CC1FC0966200193204 /* unlockMeTests.xctest */,
			);
			name = Products;
			sourceTree = "<group>";
		};
		F5BA20BA1FC0966200193204 /* unlockMe */ = {
			isa = PBXGroup;
			children = (
				F5BA20E91FC0BAFA00193204 /* Sounds */,
				F5BA20DE1FC096CC00193204 /* Models */,
				F5BA20DD1FC096A700193204 /* SupportingFiles */,
				F5BA20DC1FC0969400193204 /* View */,
				F5BA20DB1FC0967B00193204 /* Controller */,
				F5BA20C21FC0966200193204 /* Assets.xcassets */,
				F5BA20C71FC0966200193204 /* Info.plist */,
			);
			path = unlockMe;
			sourceTree = "<group>";
		};
		F5BA20CF1FC0966200193204 /* unlockMeTests */ = {
			isa = PBXGroup;
			children = (
				F5BA20D01FC0966200193204 /* unlockMeTests.swift */,
				F5BA20D21FC0966200193204 /* Info.plist */,
			);
			path = unlockMeTests;
			sourceTree = "<group>";
		};
		F5BA20DB1FC0967B00193204 /* Controller */ = {
			isa = PBXGroup;
			children = (
				F5BA20EC1FC0BC4E00193204 /* HomeViewController.swift */,
				F5BA20BD1FC0966200193204 /* ViewController.swift */,
			);
			path = Controller;
			sourceTree = "<group>";
		};
		F5BA20DC1FC0969400193204 /* View */ = {
			isa = PBXGroup;
			children = (
				F5BA20C41FC0966200193204 /* LaunchScreen.storyboard */,
				F5BA20BF1FC0966200193204 /* Main.storyboard */,
			);
			path = View;
			sourceTree = "<group>";
		};
		F5BA20DD1FC096A700193204 /* SupportingFiles */ = {
			isa = PBXGroup;
			children = (
				F5BA20BB1FC0966200193204 /* AppDelegate.swift */,
			);
			path = SupportingFiles;
			sourceTree = "<group>";
		};
		F5BA20DE1FC096CC00193204 /* Models */ = {
			isa = PBXGroup;
			children = (
				F5BA20E51FC0972300193204 /* HighscorePersister.swift */,
				F5BA20E71FC0973300193204 /* SoundPlayer.swift */,
				F5BA20F11FC0E1C400193204 /* Modes.swift */,
				F5BA20DF1FC096D700193204 /* Game.swift */,
				F5BA20EF1FC0D31600193204 /* TimeChallengeGame.swift */,
				F5BA20E11FC096FD00193204 /* Combinaison.swift */,
			);
			path = Models;
			sourceTree = "<group>";
		};
		F5BA20E91FC0BAFA00193204 /* Sounds */ = {
			isa = PBXGroup;
			children = (
				F5BA20EA1FC0BB4000193204 /* valid.mp3 */,
			);
			path = Sounds;
			sourceTree = "<group>";
		};
/* End PBXGroup section */

/* Begin PBXNativeTarget section */
		F5BA20B71FC0966200193204 /* unlockMe */ = {
			isa = PBXNativeTarget;
			buildConfigurationList = F5BA20D51FC0966200193204 /* Build configuration list for PBXNativeTarget "unlockMe" */;
			buildPhases = (
				F5BA20B41FC0966200193204 /* Sources */,
				F5BA20B51FC0966200193204 /* Frameworks */,
				F5BA20B61FC0966200193204 /* Resources */,
			);
			buildRules = (
			);
			dependencies = (
			);
			name = unlockMe;
			productName = unlockMe;
			productReference = F5BA20B81FC0966200193204 /* unlockMe.app */;
			productType = "com.apple.product-type.application";
		};
		F5BA20CB1FC0966200193204 /* unlockMeTests */ = {
			isa = PBXNativeTarget;
			buildConfigurationList = F5BA20D81FC0966200193204 /* Build configuration list for PBXNativeTarget "unlockMeTests" */;
			buildPhases = (
				F5BA20C81FC0966200193204 /* Sources */,
				F5BA20C91FC0966200193204 /* Frameworks */,
				F5BA20CA1FC0966200193204 /* Resources */,
			);
			buildRules = (
			);
			dependencies = (
				F5BA20CE1FC0966200193204 /* PBXTargetDependency */,
			);
			name = unlockMeTests;
			productName = unlockMeTests;
			productReference = F5BA20CC1FC0966200193204 /* unlockMeTests.xctest */;
			productType = "com.apple.product-type.bundle.unit-test";
		};
/* End PBXNativeTarget section */

/* Begin PBXProject section */
		F5BA20B01FC0966200193204 /* Project object */ = {
			isa = PBXProject;
			attributes = {
				LastSwiftUpdateCheck = 0900;
				LastUpgradeCheck = 0900;
				ORGANIZATIONNAME = "Jonah Alle Monne";
				TargetAttributes = {
					F5BA20B71FC0966200193204 = {
						CreatedOnToolsVersion = 9.0;
						ProvisioningStyle = Automatic;
					};
					F5BA20CB1FC0966200193204 = {
						CreatedOnToolsVersion = 9.0;
						ProvisioningStyle = Automatic;
						TestTargetID = F5BA20B71FC0966200193204;
					};
				};
			};
			buildConfigurationList = F5BA20B31FC0966200193204 /* Build configuration list for PBXProject "unlockMe" */;
			compatibilityVersion = "Xcode 8.0";
			developmentRegion = en;
			hasScannedForEncodings = 0;
			knownRegions = (
				en,
				Base,
			);
			mainGroup = F5BA20AF1FC0966200193204;
			productRefGroup = F5BA20B91FC0966200193204 /* Products */;
			projectDirPath = "";
			projectRoot = "";
			targets = (
				F5BA20B71FC0966200193204 /* unlockMe */,
				F5BA20CB1FC0966200193204 /* unlockMeTests */,
			);
		};
/* End PBXProject section */

/* Begin PBXResourcesBuildPhase section */
		F5BA20B61FC0966200193204 /* Resources */ = {
			isa = PBXResourcesBuildPhase;
			buildActionMask = 2147483647;
			files = (
				F5BA20EB1FC0BB5700193204 /* valid.mp3 in Resources */,
				F5BA20C61FC0966200193204 /* LaunchScreen.storyboard in Resources */,
				F5BA20C31FC0966200193204 /* Assets.xcassets in Resources */,
				F5BA20C11FC0966200193204 /* Main.storyboard in Resources */,
			);
			runOnlyForDeploymentPostprocessing = 0;
		};
		F5BA20CA1FC0966200193204 /* Resources */ = {
			isa = PBXResourcesBuildPhase;
			buildActionMask = 2147483647;
			files = (
			);
			runOnlyForDeploymentPostprocessing = 0;
		};
/* End PBXResourcesBuildPhase section */

/* Begin PBXSourcesBuildPhase section */
		F5BA20B41FC0966200193204 /* Sources */ = {
			isa = PBXSourcesBuildPhase;
			buildActionMask = 2147483647;
			files = (
				F5BA20BE1FC0966200193204 /* ViewController.swift in Sources */,
				F5BA20E61FC0972300193204 /* HighscorePersister.swift in Sources */,
				F5BA20E01FC096D700193204 /* Game.swift in Sources */,
				F5BA20E21FC096FD00193204 /* Combinaison.swift in Sources */,
				F5BA20E81FC0973300193204 /* SoundPlayer.swift in Sources */,
				F5BA20ED1FC0BC4E00193204 /* HomeViewController.swift in Sources */,
				F5BA20F21FC0E1C400193204 /* Modes.swift in Sources */,
				F5BA20F01FC0D31600193204 /* TimeChallengeGame.swift in Sources */,
				F5BA20BC1FC0966200193204 /* AppDelegate.swift in Sources */,
			);
			runOnlyForDeploymentPostprocessing = 0;
		};
		F5BA20C81FC0966200193204 /* Sources */ = {
			isa = PBXSourcesBuildPhase;
			buildActionMask = 2147483647;
			files = (
				F5BA20D11FC0966200193204 /* unlockMeTests.swift in Sources */,
			);
			runOnlyForDeploymentPostprocessing = 0;
		};
/* End PBXSourcesBuildPhase section */

/* Begin PBXTargetDependency section */
		F5BA20CE1FC0966200193204 /* PBXTargetDependency */ = {
			isa = PBXTargetDependency;
			target = F5BA20B71FC0966200193204 /* unlockMe */;
			targetProxy = F5BA20CD1FC0966200193204 /* PBXContainerItemProxy */;
		};
/* End PBXTargetDependency section */

/* Begin PBXVariantGroup section */
		F5BA20BF1FC0966200193204 /* Main.storyboard */ = {
			isa = PBXVariantGroup;
			children = (
				F5BA20C01FC0966200193204 /* Base */,
			);
			name = Main.storyboard;
			sourceTree = "<group>";
		};
		F5BA20C41FC0966200193204 /* LaunchScreen.storyboard */ = {
			isa = PBXVariantGroup;
			children = (
				F5BA20C51FC0966200193204 /* Base */,
			);
			name = LaunchScreen.storyboard;
			sourceTree = "<group>";
		};
/* End PBXVariantGroup section */

/* Begin XCBuildConfiguration section */
		F5BA20D31FC0966200193204 /* Debug */ = {
			isa = XCBuildConfiguration;
			buildSettings = {
				ALWAYS_SEARCH_USER_PATHS = NO;
				CLANG_ANALYZER_NONNULL = YES;
				CLANG_ANALYZER_NUMBER_OBJECT_CONVERSION = YES_AGGRESSIVE;
				CLANG_CXX_LANGUAGE_STANDARD = "gnu++14";
				CLANG_CXX_LIBRARY = "libc++";
				CLANG_ENABLE_MODULES = YES;
				CLANG_ENABLE_OBJC_ARC = YES;
				CLANG_WARN_BLOCK_CAPTURE_AUTORELEASING = YES;
				CLANG_WARN_BOOL_CONVERSION = YES;
				CLANG_WARN_COMMA = YES;
				CLANG_WARN_CONSTANT_CONVERSION = YES;
				CLANG_WARN_DIRECT_OBJC_ISA_USAGE = YES_ERROR;
				CLANG_WARN_DOCUMENTATION_COMMENTS = YES;
				CLANG_WARN_EMPTY_BODY = YES;
				CLANG_WARN_ENUM_CONVERSION = YES;
				CLANG_WARN_INFINITE_RECURSION = YES;
				CLANG_WARN_INT_CONVERSION = YES;
				CLANG_WARN_NON_LITERAL_NULL_CONVERSION = YES;
				CLANG_WARN_OBJC_LITERAL_CONVERSION = YES;
				CLANG_WARN_OBJC_ROOT_CLASS = YES_ERROR;
				CLANG_WARN_RANGE_LOOP_ANALYSIS = YES;
				CLANG_WARN_STRICT_PROTOTYPES = YES;
				CLANG_WARN_SUSPICIOUS_MOVE = YES;
				CLANG_WARN_UNGUARDED_AVAILABILITY = YES_AGGRESSIVE;
				CLANG_WARN_UNREACHABLE_CODE = YES;
				CLANG_WARN__DUPLICATE_METHOD_MATCH = YES;
				CODE_SIGN_IDENTITY = "iPhone Developer";
				COPY_PHASE_STRIP = NO;
				DEBUG_INFORMATION_FORMAT = dwarf;
				ENABLE_STRICT_OBJC_MSGSEND = YES;
				ENABLE_TESTABILITY = YES;
				GCC_C_LANGUAGE_STANDARD = gnu11;
				GCC_DYNAMIC_NO_PIC = NO;
				GCC_NO_COMMON_BLOCKS = YES;
				GCC_OPTIMIZATION_LEVEL = 0;
				GCC_PREPROCESSOR_DEFINITIONS = (
					"DEBUG=1",
					"$(inherited)",
				);
				GCC_WARN_64_TO_32_BIT_CONVERSION = YES;
				GCC_WARN_ABOUT_RETURN_TYPE = YES_ERROR;
				GCC_WARN_UNDECLARED_SELECTOR = YES;
				GCC_WARN_UNINITIALIZED_AUTOS = YES_AGGRESSIVE;
				GCC_WARN_UNUSED_FUNCTION = YES;
				GCC_WARN_UNUSED_VARIABLE = YES;
				IPHONEOS_DEPLOYMENT_TARGET = 11.0;
				MTL_ENABLE_DEBUG_INFO = YES;
				ONLY_ACTIVE_ARCH = YES;
				SDKROOT = iphoneos;
				SWIFT_ACTIVE_COMPILATION_CONDITIONS = DEBUG;
				SWIFT_OPTIMIZATION_LEVEL = "-Onone";
			};
			name = Debug;
		};
		F5BA20D41FC0966200193204 /* Release */ = {
			isa = XCBuildConfiguration;
			buildSettings = {
				ALWAYS_SEARCH_USER_PATHS = NO;
				CLANG_ANALYZER_NONNULL = YES;
				CLANG_ANALYZER_NUMBER_OBJECT_CONVERSION = YES_AGGRESSIVE;
				CLANG_CXX_LANGUAGE_STANDARD = "gnu++14";
				CLANG_CXX_LIBRARY = "libc++";
				CLANG_ENABLE_MODULES = YES;
				CLANG_ENABLE_OBJC_ARC = YES;
				CLANG_WARN_BLOCK_CAPTURE_AUTORELEASING = YES;
				CLANG_WARN_BOOL_CONVERSION = YES;
				CLANG_WARN_COMMA = YES;
				CLANG_WARN_CONSTANT_CONVERSION = YES;
				CLANG_WARN_DIRECT_OBJC_ISA_USAGE = YES_ERROR;
				CLANG_WARN_DOCUMENTATION_COMMENTS = YES;
				CLANG_WARN_EMPTY_BODY = YES;
				CLANG_WARN_ENUM_CONVERSION = YES;
				CLANG_WARN_INFINITE_RECURSION = YES;
				CLANG_WARN_INT_CONVERSION = YES;
				CLANG_WARN_NON_LITERAL_NULL_CONVERSION = YES;
				CLANG_WARN_OBJC_LITERAL_CONVERSION = YES;
				CLANG_WARN_OBJC_ROOT_CLASS = YES_ERROR;
				CLANG_WARN_RANGE_LOOP_ANALYSIS = YES;
				CLANG_WARN_STRICT_PROTOTYPES = YES;
				CLANG_WARN_SUSPICIOUS_MOVE = YES;
				CLANG_WARN_UNGUARDED_AVAILABILITY = YES_AGGRESSIVE;
				CLANG_WARN_UNREACHABLE_CODE = YES;
				CLANG_WARN__DUPLICATE_METHOD_MATCH = YES;
				CODE_SIGN_IDENTITY = "iPhone Developer";
				COPY_PHASE_STRIP = NO;
				DEBUG_INFORMATION_FORMAT = "dwarf-with-dsym";
				ENABLE_NS_ASSERTIONS = NO;
				ENABLE_STRICT_OBJC_MSGSEND = YES;
				GCC_C_LANGUAGE_STANDARD = gnu11;
				GCC_NO_COMMON_BLOCKS = YES;
				GCC_WARN_64_TO_32_BIT_CONVERSION = YES;
				GCC_WARN_ABOUT_RETURN_TYPE = YES_ERROR;
				GCC_WARN_UNDECLARED_SELECTOR = YES;
				GCC_WARN_UNINITIALIZED_AUTOS = YES_AGGRESSIVE;
				GCC_WARN_UNUSED_FUNCTION = YES;
				GCC_WARN_UNUSED_VARIABLE = YES;
				IPHONEOS_DEPLOYMENT_TARGET = 11.0;
				MTL_ENABLE_DEBUG_INFO = NO;
				SDKROOT = iphoneos;
				SWIFT_OPTIMIZATION_LEVEL = "-Owholemodule";
				VALIDATE_PRODUCT = YES;
			};
			name = Release;
		};
		F5BA20D61FC0966200193204 /* Debug */ = {
			isa = XCBuildConfiguration;
			buildSettings = {
				ASSETCATALOG_COMPILER_APPICON_NAME = AppIcon;
				CODE_SIGN_STYLE = Automatic;
				DEVELOPMENT_TEAM = J4YFA782YD;
				INFOPLIST_FILE = unlockMe/Info.plist;
				LD_RUNPATH_SEARCH_PATHS = "$(inherited) @executable_path/Frameworks";
				PRODUCT_BUNDLE_IDENTIFIER = jonah.com.unlockMe;
				PRODUCT_NAME = "$(TARGET_NAME)";
				SWIFT_VERSION = 4.0;
				TARGETED_DEVICE_FAMILY = "1,2";
			};
			name = Debug;
		};
		F5BA20D71FC0966200193204 /* Release */ = {
			isa = XCBuildConfiguration;
			buildSettings = {
				ASSETCATALOG_COMPILER_APPICON_NAME = AppIcon;
				CODE_SIGN_STYLE = Automatic;
				DEVELOPMENT_TEAM = J4YFA782YD;
				INFOPLIST_FILE = unlockMe/Info.plist;
				LD_RUNPATH_SEARCH_PATHS = "$(inherited) @executable_path/Frameworks";
				PRODUCT_BUNDLE_IDENTIFIER = jonah.com.unlockMe;
				PRODUCT_NAME = "$(TARGET_NAME)";
				SWIFT_VERSION = 4.0;
				TARGETED_DEVICE_FAMILY = "1,2";
			};
			name = Release;
		};
		F5BA20D91FC0966200193204 /* Debug */ = {
			isa = XCBuildConfiguration;
			buildSettings = {
				ALWAYS_EMBED_SWIFT_STANDARD_LIBRARIES = YES;
				BUNDLE_LOADER = "$(TEST_HOST)";
				CODE_SIGN_STYLE = Automatic;
				DEVELOPMENT_TEAM = J4YFA782YD;
				INFOPLIST_FILE = unlockMeTests/Info.plist;
				LD_RUNPATH_SEARCH_PATHS = "$(inherited) @executable_path/Frameworks @loader_path/Frameworks";
				PRODUCT_BUNDLE_IDENTIFIER = jonah.com.unlockMeTests;
				PRODUCT_NAME = "$(TARGET_NAME)";
				SWIFT_VERSION = 4.0;
				TARGETED_DEVICE_FAMILY = "1,2";
				TEST_HOST = "$(BUILT_PRODUCTS_DIR)/unlockMe.app/unlockMe";
			};
			name = Debug;
		};
		F5BA20DA1FC0966200193204 /* Release */ = {
			isa = XCBuildConfiguration;
			buildSettings = {
				ALWAYS_EMBED_SWIFT_STANDARD_LIBRARIES = YES;
				BUNDLE_LOADER = "$(TEST_HOST)";
				CODE_SIGN_STYLE = Automatic;
				DEVELOPMENT_TEAM = J4YFA782YD;
				INFOPLIST_FILE = unlockMeTests/Info.plist;
				LD_RUNPATH_SEARCH_PATHS = "$(inherited) @executable_path/Frameworks @loader_path/Frameworks";
				PRODUCT_BUNDLE_IDENTIFIER = jonah.com.unlockMeTests;
				PRODUCT_NAME = "$(TARGET_NAME)";
				SWIFT_VERSION = 4.0;
				TARGETED_DEVICE_FAMILY = "1,2";
				TEST_HOST = "$(BUILT_PRODUCTS_DIR)/unlockMe.app/unlockMe";
			};
			name = Release;
		};
/* End XCBuildConfiguration section */

/* Begin XCConfigurationList section */
		F5BA20B31FC0966200193204 /* Build configuration list for PBXProject "unlockMe" */ = {
			isa = XCConfigurationList;
			buildConfigurations = (
				F5BA20D31FC0966200193204 /* Debug */,
				F5BA20D41FC0966200193204 /* Release */,
			);
			defaultConfigurationIsVisible = 0;
			defaultConfigurationName = Release;
		};
		F5BA20D51FC0966200193204 /* Build configuration list for PBXNativeTarget "unlockMe" */ = {
			isa = XCConfigurationList;
			buildConfigurations = (
				F5BA20D61FC0966200193204 /* Debug */,
				F5BA20D71FC0966200193204 /* Release */,
			);
			defaultConfigurationIsVisible = 0;
			defaultConfigurationName = Release;
		};
		F5BA20D81FC0966200193204 /* Build configuration list for PBXNativeTarget "unlockMeTests" */ = {
			isa = XCConfigurationList;
			buildConfigurations = (
				F5BA20D91FC0966200193204 /* Debug */,
				F5BA20DA1FC0966200193204 /* Release */,
			);
			defaultConfigurationIsVisible = 0;
			defaultConfigurationName = Release;
		};
/* End XCConfigurationList section */
	};
	rootObject = F5BA20B01FC0966200193204 /* Project object */;
}
